github.com/gorilla/mux v1.7.3 h1:gnP5JzjVOuiZD07fKKToCAOjS0yOpj/qPETTXCCS6hw=
github.com/gorilla/mux v1.7.3/go.mod h1:1lud6UwP+6orDFRuTfBEV8e9/aOM/c4fVVCaMa2zaAs=
github.com/sbzhu/weworkapi_golang v0.0.0-20190918105118-de025776164a h1:F2JBH5wdMlzM1sNbx4vui0FcI7TNkfxoBgRosoPUpYA=
github.com/sbzhu/weworkapi_golang v0.0.0-20190918105118-de025776164a/go.mod h1:6UjzYCk+Elge7FqzCeypv286ZGRDfTwmSXpnhNlYeoQ=
